{
    "_readme": [
        "This file locks the dependencies of your project to a known state",
        "Read more about it at https://getcomposer.org/doc/01-basic-usage.md#composer-lock-the-lock-file",
        "This file is @generated automatically"
    ],
    "hash": "5998398e7f9e6be10c3d0a543e33a3f0",
    "content-hash": "f6d6ead520269edd1de66a911845c4c4",
    "packages": [
        {
            "name": "gplcart/composer-module-installer",
            "version": "dev-master",
            "source": {
                "type": "git",
                "url": "https://github.com/gplcart/composer-module-installer.git",
                "reference": "fe37afc248975de7d3857c19006ee21f7eadef25"
            },
            "dist": {
                "type": "zip",
                "url": "https://api.github.com/repos/gplcart/composer-module-installer/zipball/fe37afc248975de7d3857c19006ee21f7eadef25",
                "reference": "fe37afc248975de7d3857c19006ee21f7eadef25",
                "shasum": ""
            },
            "require": {
                "composer-plugin-api": "^1.0",
                "php": ">=5.4"
            },
            "require-dev": {
                "composer/composer": "^1.3"
            },
            "type": "composer-plugin",
            "extra": {
                "class": "Gplcart\\Composer\\ModuleInstaller\\Plugin"
            },
            "autoload": {
                "psr-4": {
                    "Gplcart\\Composer\\ModuleInstaller\\": "src/"
                }
            },
            "notification-url": "https://packagist.org/downloads/",
            "license": [
                "MIT"
            ],
            "description": "GplCart composer module installer",
            "time": "2017-03-10 12:17:15"
        },
        {
            "name": "gplcart/extractor",
            "version": "dev-master",
            "source": {
                "type": "git",
                "url": "https://github.com/gplcart/extractor.git",
                "reference": "501bdd9aa5764e41f59ce55015054f0d736ff665"
            },
            "dist": {
                "type": "zip",
                "url": "https://api.github.com/repos/gplcart/extractor/zipball/501bdd9aa5764e41f59ce55015054f0d736ff665",
                "reference": "501bdd9aa5764e41f59ce55015054f0d736ff665",
                "shasum": ""
            },
            "require": {
                "gplcart/composer-module-installer": "*"
            },
            "type": "gplcart-module",
            "notification-url": "https://packagist.org/downloads/",
            "license": [
                "GPL-3.0"
            ],
            "authors": [
                {
                    "name": "Iurii Makukh",
                    "email": "gplcart.software@gmail.com",
                    "role": "lead"
                }
            ],
            "description": "A tool to extract translatable string from GPL Cart source files",
            "homepage": "https://github.com/gplcart/extractor",
            "keywords": [
                "gplcart",
                "gplcart-module",
                "i18n"
            ],
            "time": "2017-03-10 12:13:37"
        },
        {
            "name": "gplcart/libraries",
            "version": "dev-master",
            "source": {
                "type": "git",
                "url": "https://github.com/gplcart/libraries.git",
                "reference": "d1da4541e2336bf76ffbbbbbe8884508de51e270"
            },
            "dist": {
                "type": "zip",
                "url": "https://api.github.com/repos/gplcart/libraries/zipball/d1da4541e2336bf76ffbbbbbe8884508de51e270",
                "reference": "d1da4541e2336bf76ffbbbbbe8884508de51e270",
                "shasum": ""
            },
            "type": "library",
            "notification-url": "https://packagist.org/downloads/",
            "description": "Collection of third-party libraries for GPL Cart",
            "time": "2017-01-23 11:56:16"
        }
    ],
    "packages-dev": [],
    "aliases": [],
    "minimum-stability": "dev",
    "stability-flags": {
        "gplcart/libraries": 20,
        "gplcart/extractor": 20
    },
    "prefer-stable": true,
    "prefer-lowest": false,
    "platform": {
        "php": ">=5.4.0",
        "ext-gd": "*",
        "ext-mbstring": "*",
        "ext-pdo": "*",
        "ext-curl": "*",
        "ext-fileinfo": "*",
        "ext-zip": "*",
        "ext-openssl": "*",
        "ext-spl": "*"
    },
    "platform-dev": []
}
